
Microsoft Visual Studio Solution File, Format Version 12.00
# Visual Studio Version 16
VisualStudioVersion = 16.0.31515.178
MinimumVisualStudioVersion = 10.0.40219.1
Project("{FAE04EC0-301F-11D3-BF4B-00C04F79EFBC}") = "unidad2.Android", "unidad2\unidad2.Android\unidad2.Android.csproj", "{CD7E97B8-3216-4F02-A6F1-018B092FB17F}"
EndProject
Project("{FAE04EC0-301F-11D3-BF4B-00C04F79EFBC}") = "unidad2.iOS", "unidad2\unidad2.iOS\unidad2.iOS.csproj", "{34517286-8B00-4EF7-A5D3-2500EC6741EE}"
EndProject
Project("{FAE04EC0-301F-11D3-BF4B-00C04F79EFBC}") = "unidad2", "unidad2\unidad2\unidad2.csproj", "{0866CC6E-834E-4E90-89FA-C3FCF8025955}"
EndProject
Global
	GlobalSection(SolutionConfigurationPlatforms) = preSolution
		Debug|Any CPU = Debug|Any CPU
		Debug|iPhone = Debug|iPhone
		Debug|iPhoneSimulator = Debug|iPhoneSimulator
		Release|Any CPU = Release|Any CPU
		Release|iPhone = Release|iPhone
		Release|iPhoneSimulator = Release|iPhoneSimulator
	EndGlobalSection
	GlobalSection(ProjectConfigurationPlatforms) = postSolution
		{CD7E97B8-3216-4F02-A6F1-018B092FB17F}.Debug|Any CPU.ActiveCfg = Debug|Any CPU
		{CD7E97B8-3216-4F02-A6F1-018B092FB17F}.Debug|Any CPU.Build.0 = Debug|Any CPU
		{CD7E97B8-3216-4F02-A6F1-018B092FB17F}.Debug|Any CPU.Deploy.0 = Debug|Any CPU
		{CD7E97B8-3216-4F02-A6F1-018B092FB17F}.Debug|iPhone.ActiveCfg = Debug|Any CPU
		{CD7E97B8-3216-4F02-A6F1-018B092FB17F}.Debug|iPhone.Build.0 = Debug|Any CPU
		{CD7E97B8-3216-4F02-A6F1-018B092FB17F}.Debug|iPhone.Deploy.0 = Debug|Any CPU
		{CD7E97B8-3216-4F02-A6F1-018B092FB17F}.Debug|iPhoneSimulator.ActiveCfg = Debug|Any CPU
		{CD7E97B8-3216-4F02-A6F1-018B092FB17F}.Debug|iPhoneSimulator.Build.0 = Debug|Any CPU
		{CD7E97B8-3216-4F02-A6F1-018B092FB17F}.Debug|iPhoneSimulator.Deploy.0 = Debug|Any CPU
		{CD7E97B8-3216-4F02-A6F1-018B092FB17F}.Release|Any CPU.ActiveCfg = Release|Any CPU
		{CD7E97B8-3216-4F02-A6F1-018B092FB17F}.Release|Any CPU.Build.0 = Release|Any CPU
		{CD7E97B8-3216-4F02-A6F1-018B092FB17F}.Release|Any CPU.Deploy.0 = Release|Any CPU
		{CD7E97B8-3216-4F02-A6F1-018B092FB17F}.Release|iPhone.ActiveCfg = Release|Any CPU
		{CD7E97B8-3216-4F02-A6F1-018B092FB17F}.Release|iPhone.Build.0 = Release|Any CPU
		{CD7E97B8-3216-4F02-A6F1-018B092FB17F}.Release|iPhone.Deploy.0 = Release|Any CPU
		{CD7E97B8-3216-4F02-A6F1-018B092FB17F}.Release|iPhoneSimulator.ActiveCfg = Release|Any CPU
		{CD7E97B8-3216-4F02-A6F1-018B092FB17F}.Release|iPhoneSimulator.Build.0 = Release|Any CPU
		{CD7E97B8-3216-4F02-A6F1-018B092FB17F}.Release|iPhoneSimulator.Deploy.0 = Release|Any CPU
		{34517286-8B00-4EF7-A5D3-2500EC6741EE}.Debug|Any CPU.ActiveCfg = Debug|iPhone
		{34517286-8B00-4EF7-A5D3-2500EC6741EE}.Debug|Any CPU.Build.0 = Debug|iPhone
		{34517286-8B00-4EF7-A5D3-2500EC6741EE}.Debug|Any CPU.Deploy.0 = Debug|iPhone
		{34517286-8B00-4EF7-A5D3-2500EC6741EE}.Debug|iPhone.ActiveCfg = Debug|iPhone
		{34517286-8B00-4EF7-A5D3-2500EC6741EE}.Debug|iPhone.Build.0 = Debug|iPhone
		{34517286-8B00-4EF7-A5D3-2500EC6741EE}.Debug|iPhone.Deploy.0 = Debug|iPhone
		{34517286-8B00-4EF7-A5D3-2500EC6741EE}.Debug|iPhoneSimulator.ActiveCfg = Debug|iPhoneSimulator
		{34517286-8B00-4EF7-A5D3-2500EC6741EE}.Debug|iPhoneSimulator.Build.0 = Debug|iPhoneSimulator
		{34517286-8B00-4EF7-A5D3-2500EC6741EE}.Debug|iPhoneSimulator.Deploy.0 = Debug|iPhoneSimulator
		{34517286-8B00-4EF7-A5D3-2500EC6741EE}.Release|Any CPU.ActiveCfg = Release|iPhoneSimulator
		{34517286-8B00-4EF7-A5D3-2500EC6741EE}.Release|Any CPU.Build.0 = Release|iPhoneSimulator
		{34517286-8B00-4EF7-A5D3-2500EC6741EE}.Release|Any CPU.Deploy.0 = Release|iPhoneSimulator
		{34517286-8B00-4EF7-A5D3-2500EC6741EE}.Release|iPhone.ActiveCfg = Release|iPhone
		{34517286-8B00-4EF7-A5D3-2500EC6741EE}.Release|iPhone.Build.0 = Release|iPhone
		{34517286-8B00-4EF7-A5D3-2500EC6741EE}.Release|iPhone.Deploy.0 = Release|iPhone
		{34517286-8B00-4EF7-A5D3-2500EC6741EE}.Release|iPhoneSimulator.ActiveCfg = Release|iPhoneSimulator
		{34517286-8B00-4EF7-A5D3-2500EC6741EE}.Release|iPhoneSimulator.Build.0 = Release|iPhoneSimulator
		{34517286-8B00-4EF7-A5D3-2500EC6741EE}.Release|iPhoneSimulator.Deploy.0 = Release|iPhoneSimulator
		{0866CC6E-834E-4E90-89FA-C3FCF8025955}.Debug|Any CPU.ActiveCfg = Debug|Any CPU
		{0866CC6E-834E-4E90-89FA-C3FCF8025955}.Debug|Any CPU.Build.0 = Debug|Any CPU
		{0866CC6E-834E-4E90-89FA-C3FCF8025955}.Debug|Any CPU.Deploy.0 = Debug|Any CPU
		{0866CC6E-834E-4E90-89FA-C3FCF8025955}.Debug|iPhone.ActiveCfg = Debug|Any CPU
		{0866CC6E-834E-4E90-89FA-C3FCF8025955}.Debug|iPhone.Build.0 = Debug|Any CPU
		{0866CC6E-834E-4E90-89FA-C3FCF8025955}.Debug|iPhone.Deploy.0 = Debug|Any CPU
		{0866CC6E-834E-4E90-89FA-C3FCF8025955}.Debug|iPhoneSimulator.ActiveCfg = Debug|Any CPU
		{0866CC6E-834E-4E90-89FA-C3FCF8025955}.Debug|iPhoneSimulator.Build.0 = Debug|Any CPU
		{0866CC6E-834E-4E90-89FA-C3FCF8025955}.Debug|iPhoneSimulator.Deploy.0 = Debug|Any CPU
		{0866CC6E-834E-4E90-89FA-C3FCF8025955}.Release|Any CPU.ActiveCfg = Release|Any CPU
		{0866CC6E-834E-4E90-89FA-C3FCF8025955}.Release|Any CPU.Build.0 = Release|Any CPU
		{0866CC6E-834E-4E90-89FA-C3FCF8025955}.Release|Any CPU.Deploy.0 = Release|Any CPU
		{0866CC6E-834E-4E90-89FA-C3FCF8025955}.Release|iPhone.ActiveCfg = Release|Any CPU
		{0866CC6E-834E-4E90-89FA-C3FCF8025955}.Release|iPhone.Build.0 = Release|Any CPU
		{0866CC6E-834E-4E90-89FA-C3FCF8025955}.Release|iPhone.Deploy.0 = Release|Any CPU
		{0866CC6E-834E-4E90-89FA-C3FCF8025955}.Release|iPhoneSimulator.ActiveCfg = Release|Any CPU
		{0866CC6E-834E-4E90-89FA-C3FCF8025955}.Release|iPhoneSimulator.Build.0 = Release|Any CPU
		{0866CC6E-834E-4E90-89FA-C3FCF8025955}.Release|iPhoneSimulator.Deploy.0 = Release|Any CPU
	EndGlobalSection
	GlobalSection(SolutionProperties) = preSolution
		HideSolutionNode = FALSE
	EndGlobalSection
	GlobalSection(ExtensibilityGlobals) = postSolution
		SolutionGuid = {17000941-C46C-4AF2-A8A1-F48D289BF9E9}
	EndGlobalSection
EndGlobal
